
Microsoft Visual Studio Solution File, Format Version 12.00
# Visual Studio Version 16
VisualStudioVersion = 16.0.32106.194
MinimumVisualStudioVersion = 10.0.40219.1
Project("{2150E333-8FDC-42A3-9474-1A3956D46DE8}") = "1-Presentation", "1-Presentation", "{BD574F46-B3FD-4243-9AE9-27FF81AB20AB}"
EndProject
Project("{2150E333-8FDC-42A3-9474-1A3956D46DE8}") = "2-Domain", "2-Domain", "{712CDC2A-7158-46CF-B7A9-1BB960FD41BA}"
EndProject
Project("{2150E333-8FDC-42A3-9474-1A3956D46DE8}") = "4-Infra", "4-Infra", "{F765FBDF-6910-4EC9-8B5E-F6192E6491F2}"
EndProject
Project("{9A19103F-16F7-4668-BE54-9A1E7A4F7556}") = "Domain", "Domain\Domain.csproj", "{28BEE23F-71B9-49E9-A36F-C290E847E607}"
EndProject
Project("{9A19103F-16F7-4668-BE54-9A1E7A4F7556}") = "Infra.Data", "Infra.Data\Infra.Data.csproj", "{5A3AA46D-2248-4E3D-9BF4-B00F49FBF77B}"
EndProject
Project("{9A19103F-16F7-4668-BE54-9A1E7A4F7556}") = "Domain.Core", "Domain.Core\Domain.Core.csproj", "{2915D2BB-3B6D-44E1-997D-DC358804ADD8}"
EndProject
Project("{9A19103F-16F7-4668-BE54-9A1E7A4F7556}") = "Services", "Domain.Services\Services.csproj", "{291CFBC0-A092-47A4-B549-318FC391A02E}"
EndProject
Project("{2150E333-8FDC-42A3-9474-1A3956D46DE8}") = "4.1 Data", "4.1 Data", "{79B39444-0CC7-46C6-8E7D-B741EA2A41EF}"
EndProject
Project("{2150E333-8FDC-42A3-9474-1A3956D46DE8}") = "4.2 CrossCutting", "4.2 CrossCutting", "{2F0A53F9-4CD6-4779-B167-CFA60537C3D4}"
EndProject
Project("{FAE04EC0-301F-11D3-BF4B-00C04F79EFBC}") = "Infra.CrossCutting", "Infra.CrossCutting\Infra.CrossCutting.csproj", "{C9D36D8B-E1CE-4594-B575-6324881ACEC2}"
EndProject
Project("{FAE04EC0-301F-11D3-BF4B-00C04F79EFBC}") = "DeliveryAPI", "DeliveryAPI\DeliveryAPI.csproj", "{8CC05B22-B1A2-4296-8645-4F1DBDBC6F6D}"
EndProject
Project("{2150E333-8FDC-42A3-9474-1A3956D46DE8}") = "3-Service", "3-Service", "{3BD746C8-0A0A-4224-8165-B372536182CC}"
EndProject
Global
	GlobalSection(SolutionConfigurationPlatforms) = preSolution
		Debug|Any CPU = Debug|Any CPU
		Release|Any CPU = Release|Any CPU
	EndGlobalSection
	GlobalSection(ProjectConfigurationPlatforms) = postSolution
		{28BEE23F-71B9-49E9-A36F-C290E847E607}.Debug|Any CPU.ActiveCfg = Debug|Any CPU
		{28BEE23F-71B9-49E9-A36F-C290E847E607}.Debug|Any CPU.Build.0 = Debug|Any CPU
		{28BEE23F-71B9-49E9-A36F-C290E847E607}.Release|Any CPU.ActiveCfg = Release|Any CPU
		{28BEE23F-71B9-49E9-A36F-C290E847E607}.Release|Any CPU.Build.0 = Release|Any CPU
		{5A3AA46D-2248-4E3D-9BF4-B00F49FBF77B}.Debug|Any CPU.ActiveCfg = Debug|Any CPU
		{5A3AA46D-2248-4E3D-9BF4-B00F49FBF77B}.Debug|Any CPU.Build.0 = Debug|Any CPU
		{5A3AA46D-2248-4E3D-9BF4-B00F49FBF77B}.Release|Any CPU.ActiveCfg = Release|Any CPU
		{5A3AA46D-2248-4E3D-9BF4-B00F49FBF77B}.Release|Any CPU.Build.0 = Release|Any CPU
		{2915D2BB-3B6D-44E1-997D-DC358804ADD8}.Debug|Any CPU.ActiveCfg = Debug|Any CPU
		{2915D2BB-3B6D-44E1-997D-DC358804ADD8}.Debug|Any CPU.Build.0 = Debug|Any CPU
		{2915D2BB-3B6D-44E1-997D-DC358804ADD8}.Release|Any CPU.ActiveCfg = Release|Any CPU
		{2915D2BB-3B6D-44E1-997D-DC358804ADD8}.Release|Any CPU.Build.0 = Release|Any CPU
		{291CFBC0-A092-47A4-B549-318FC391A02E}.Debug|Any CPU.ActiveCfg = Debug|Any CPU
		{291CFBC0-A092-47A4-B549-318FC391A02E}.Debug|Any CPU.Build.0 = Debug|Any CPU
		{291CFBC0-A092-47A4-B549-318FC391A02E}.Release|Any CPU.ActiveCfg = Release|Any CPU
		{291CFBC0-A092-47A4-B549-318FC391A02E}.Release|Any CPU.Build.0 = Release|Any CPU
		{C9D36D8B-E1CE-4594-B575-6324881ACEC2}.Debug|Any CPU.ActiveCfg = Debug|Any CPU
		{C9D36D8B-E1CE-4594-B575-6324881ACEC2}.Debug|Any CPU.Build.0 = Debug|Any CPU
		{C9D36D8B-E1CE-4594-B575-6324881ACEC2}.Release|Any CPU.ActiveCfg = Release|Any CPU
		{C9D36D8B-E1CE-4594-B575-6324881ACEC2}.Release|Any CPU.Build.0 = Release|Any CPU
		{8CC05B22-B1A2-4296-8645-4F1DBDBC6F6D}.Debug|Any CPU.ActiveCfg = Debug|Any CPU
		{8CC05B22-B1A2-4296-8645-4F1DBDBC6F6D}.Debug|Any CPU.Build.0 = Debug|Any CPU
		{8CC05B22-B1A2-4296-8645-4F1DBDBC6F6D}.Release|Any CPU.ActiveCfg = Release|Any CPU
		{8CC05B22-B1A2-4296-8645-4F1DBDBC6F6D}.Release|Any CPU.Build.0 = Release|Any CPU
	EndGlobalSection
	GlobalSection(SolutionProperties) = preSolution
		HideSolutionNode = FALSE
	EndGlobalSection
	GlobalSection(NestedProjects) = preSolution
		{28BEE23F-71B9-49E9-A36F-C290E847E607} = {712CDC2A-7158-46CF-B7A9-1BB960FD41BA}
		{5A3AA46D-2248-4E3D-9BF4-B00F49FBF77B} = {79B39444-0CC7-46C6-8E7D-B741EA2A41EF}
		{2915D2BB-3B6D-44E1-997D-DC358804ADD8} = {712CDC2A-7158-46CF-B7A9-1BB960FD41BA}
		{291CFBC0-A092-47A4-B549-318FC391A02E} = {3BD746C8-0A0A-4224-8165-B372536182CC}
		{79B39444-0CC7-46C6-8E7D-B741EA2A41EF} = {F765FBDF-6910-4EC9-8B5E-F6192E6491F2}
		{2F0A53F9-4CD6-4779-B167-CFA60537C3D4} = {F765FBDF-6910-4EC9-8B5E-F6192E6491F2}
		{C9D36D8B-E1CE-4594-B575-6324881ACEC2} = {2F0A53F9-4CD6-4779-B167-CFA60537C3D4}
		{8CC05B22-B1A2-4296-8645-4F1DBDBC6F6D} = {BD574F46-B3FD-4243-9AE9-27FF81AB20AB}
	EndGlobalSection
	GlobalSection(ExtensibilityGlobals) = postSolution
		SolutionGuid = {B600B848-2FAF-4EC6-ACC9-0E2A87047E60}
	EndGlobalSection
EndGlobal
